
Microsoft Visual Studio Solution File, Format Version 12.00
# Visual Studio Version 17
VisualStudioVersion = 17.4.33122.133
MinimumVisualStudioVersion = 10.0.40219.1
Project("{FAE04EC0-301F-11D3-BF4B-00C04F79EFBC}") = "UserManagementApi", "UserManagementApi.csproj", "{2C07E613-8E42-46BD-BFEC-80AC9BDFC932}"
EndProject
Global
	GlobalSection(SolutionConfigurationPlatforms) = preSolution
		Debug|Any CPU = Debug|Any CPU
		Release|Any CPU = Release|Any CPU
	EndGlobalSection
	GlobalSection(ProjectConfigurationPlatforms) = postSolution
		{2C07E613-8E42-46BD-BFEC-80AC9BDFC932}.Debug|Any CPU.ActiveCfg = Debug|Any CPU
		{2C07E613-8E42-46BD-BFEC-80AC9BDFC932}.Debug|Any CPU.Build.0 = Debug|Any CPU
		{2C07E613-8E42-46BD-BFEC-80AC9BDFC932}.Release|Any CPU.ActiveCfg = Release|Any CPU
		{2C07E613-8E42-46BD-BFEC-80AC9BDFC932}.Release|Any CPU.Build.0 = Release|Any CPU
	EndGlobalSection
	GlobalSection(SolutionProperties) = preSolution
		HideSolutionNode = FALSE
	EndGlobalSection
	GlobalSection(ExtensibilityGlobals) = postSolution
		SolutionGuid = {C14FA5FA-65AC-457B-A276-C6AF6A0686F1}
	EndGlobalSection
EndGlobal
